
Microsoft Visual Studio Solution File, Format Version 12.00
# Visual Studio 15
VisualStudioVersion = 15.0.28307.1082
MinimumVisualStudioVersion = 10.0.40219.1
Project("{FAE04EC0-301F-11D3-BF4B-00C04F79EFBC}") = "ExampleApp", "ExampleApp\ExampleApp.csproj", "{C8AAF70A-C315-4C4D-A3BF-CAB164221967}"
EndProject
Global
	GlobalSection(SolutionConfigurationPlatforms) = preSolution
		Debug|Any CPU = Debug|Any CPU
		Debug|x86 = Debug|x86
		Release|Any CPU = Release|Any CPU
		Release|x86 = Release|x86
	EndGlobalSection
	GlobalSection(ProjectConfigurationPlatforms) = postSolution
		{C8AAF70A-C315-4C4D-A3BF-CAB164221967}.Debug|Any CPU.ActiveCfg = Debug|Any CPU
		{C8AAF70A-C315-4C4D-A3BF-CAB164221967}.Debug|Any CPU.Build.0 = Debug|Any CPU
		{C8AAF70A-C315-4C4D-A3BF-CAB164221967}.Debug|x86.ActiveCfg = Debug|x86
		{C8AAF70A-C315-4C4D-A3BF-CAB164221967}.Debug|x86.Build.0 = Debug|x86
		{C8AAF70A-C315-4C4D-A3BF-CAB164221967}.Release|Any CPU.ActiveCfg = Release|Any CPU
		{C8AAF70A-C315-4C4D-A3BF-CAB164221967}.Release|Any CPU.Build.0 = Release|Any CPU
		{C8AAF70A-C315-4C4D-A3BF-CAB164221967}.Release|x86.ActiveCfg = Release|x86
		{C8AAF70A-C315-4C4D-A3BF-CAB164221967}.Release|x86.Build.0 = Release|x86
	EndGlobalSection
	GlobalSection(SolutionProperties) = preSolution
		HideSolutionNode = FALSE
	EndGlobalSection
	GlobalSection(ExtensibilityGlobals) = postSolution
		SolutionGuid = {9F2A70A8-8436-4C49-9886-017747E33F0A}
	EndGlobalSection
EndGlobal
